
Microsoft Visual Studio Solution File, Format Version 12.00
# Visual Studio Version 16
VisualStudioVersion = 16.0.30114.105
MinimumVisualStudioVersion = 10.0.40219.1
Project("{2150E333-8FDC-42A3-9474-1A3956D46DE8}") = "src", "src", "{AF580950-A8F9-4DE0-9C60-55B52F3ECF7E}"
EndProject
Project("{FAE04EC0-301F-11D3-BF4B-00C04F79EFBC}") = "CleanArch.Interfaces", "src\CleanArch.Interfaces\CleanArch.Interfaces.csproj", "{F02152D4-E8F2-42A8-93AA-2A7FB0843105}"
EndProject
Project("{FAE04EC0-301F-11D3-BF4B-00C04F79EFBC}") = "CleanArch.Dependency", "src\CleanArch.Dependency\CleanArch.Dependency.csproj", "{E380DBDA-4509-4FD8-9E73-E263234CBC51}"
EndProject
Project("{FAE04EC0-301F-11D3-BF4B-00C04F79EFBC}") = "CleanArch.UI", "src\CleanArch.UI\CleanArch.UI.csproj", "{6D259338-A794-4C92-BD76-E3BDDAAA1C28}"
EndProject
Project("{FAE04EC0-301F-11D3-BF4B-00C04F79EFBC}") = "CleanArch.Entities", "src\CleanArch.Entities\CleanArch.Entities.csproj", "{342F5552-B503-4352-8EA9-1A40C7148F89}"
EndProject
Project("{FAE04EC0-301F-11D3-BF4B-00C04F79EFBC}") = "CleanArch.UseCases", "src\CleanArch.UseCases\CleanArch.UseCases.csproj", "{6DC4911B-91A9-4C28-884D-D7E22CAE2416}"
EndProject
Project("{FAE04EC0-301F-11D3-BF4B-00C04F79EFBC}") = "CleanArch.Database", "src\CleanArch.Database\CleanArch.Database.csproj", "{6A9B6868-1207-4C14-AC67-2B524A76BD4E}"
EndProject
Project("{FAE04EC0-301F-11D3-BF4B-00C04F79EFBC}") = "CleanArch.Externals", "src\CleanArch.Externals\CleanArch.Externals.csproj", "{97A07581-A9AE-4E29-846B-547134C06DD7}"
EndProject
Project("{2150E333-8FDC-42A3-9474-1A3956D46DE8}") = "test", "test", "{3F11813E-C92A-40CF-8081-A45736E297FF}"
EndProject
Project("{FAE04EC0-301F-11D3-BF4B-00C04F79EFBC}") = "CleanArch.UnitTest", "test\CleanArch.UnitTest\CleanArch.UnitTest.csproj", "{EF3FCD08-35C3-4E15-9943-60AF1F1EFA3E}"
EndProject
Project("{FAE04EC0-301F-11D3-BF4B-00C04F79EFBC}") = "CleanArch.IntegTest", "test\CleanArch.IntegTest\CleanArch.IntegTest.csproj", "{08BE9C64-66ED-4A9B-B734-A94D58C50BD5}"
EndProject
Project("{FAE04EC0-301F-11D3-BF4B-00C04F79EFBC}") = "CleanArch.ArchTest", "test\CleanArch.ArchTest\CleanArch.ArchTest.csproj", "{E4D1352D-5495-4C21-AB0E-B04A78EAB4F0}"
EndProject
Global
	GlobalSection(SolutionConfigurationPlatforms) = preSolution
		Debug|Any CPU = Debug|Any CPU
		Release|Any CPU = Release|Any CPU
	EndGlobalSection
	GlobalSection(SolutionProperties) = preSolution
		HideSolutionNode = FALSE
	EndGlobalSection
	GlobalSection(ProjectConfigurationPlatforms) = postSolution
		{F02152D4-E8F2-42A8-93AA-2A7FB0843105}.Debug|Any CPU.ActiveCfg = Debug|Any CPU
		{F02152D4-E8F2-42A8-93AA-2A7FB0843105}.Debug|Any CPU.Build.0 = Debug|Any CPU
		{F02152D4-E8F2-42A8-93AA-2A7FB0843105}.Release|Any CPU.ActiveCfg = Release|Any CPU
		{F02152D4-E8F2-42A8-93AA-2A7FB0843105}.Release|Any CPU.Build.0 = Release|Any CPU
		{E380DBDA-4509-4FD8-9E73-E263234CBC51}.Debug|Any CPU.ActiveCfg = Debug|Any CPU
		{E380DBDA-4509-4FD8-9E73-E263234CBC51}.Debug|Any CPU.Build.0 = Debug|Any CPU
		{E380DBDA-4509-4FD8-9E73-E263234CBC51}.Release|Any CPU.ActiveCfg = Release|Any CPU
		{E380DBDA-4509-4FD8-9E73-E263234CBC51}.Release|Any CPU.Build.0 = Release|Any CPU
		{6D259338-A794-4C92-BD76-E3BDDAAA1C28}.Debug|Any CPU.ActiveCfg = Debug|Any CPU
		{6D259338-A794-4C92-BD76-E3BDDAAA1C28}.Debug|Any CPU.Build.0 = Debug|Any CPU
		{6D259338-A794-4C92-BD76-E3BDDAAA1C28}.Release|Any CPU.ActiveCfg = Release|Any CPU
		{6D259338-A794-4C92-BD76-E3BDDAAA1C28}.Release|Any CPU.Build.0 = Release|Any CPU
		{342F5552-B503-4352-8EA9-1A40C7148F89}.Debug|Any CPU.ActiveCfg = Debug|Any CPU
		{342F5552-B503-4352-8EA9-1A40C7148F89}.Debug|Any CPU.Build.0 = Debug|Any CPU
		{342F5552-B503-4352-8EA9-1A40C7148F89}.Release|Any CPU.ActiveCfg = Release|Any CPU
		{342F5552-B503-4352-8EA9-1A40C7148F89}.Release|Any CPU.Build.0 = Release|Any CPU
		{6DC4911B-91A9-4C28-884D-D7E22CAE2416}.Debug|Any CPU.ActiveCfg = Debug|Any CPU
		{6DC4911B-91A9-4C28-884D-D7E22CAE2416}.Debug|Any CPU.Build.0 = Debug|Any CPU
		{6DC4911B-91A9-4C28-884D-D7E22CAE2416}.Release|Any CPU.ActiveCfg = Release|Any CPU
		{6DC4911B-91A9-4C28-884D-D7E22CAE2416}.Release|Any CPU.Build.0 = Release|Any CPU
		{6A9B6868-1207-4C14-AC67-2B524A76BD4E}.Debug|Any CPU.ActiveCfg = Debug|Any CPU
		{6A9B6868-1207-4C14-AC67-2B524A76BD4E}.Debug|Any CPU.Build.0 = Debug|Any CPU
		{6A9B6868-1207-4C14-AC67-2B524A76BD4E}.Release|Any CPU.ActiveCfg = Release|Any CPU
		{6A9B6868-1207-4C14-AC67-2B524A76BD4E}.Release|Any CPU.Build.0 = Release|Any CPU
		{97A07581-A9AE-4E29-846B-547134C06DD7}.Debug|Any CPU.ActiveCfg = Debug|Any CPU
		{97A07581-A9AE-4E29-846B-547134C06DD7}.Debug|Any CPU.Build.0 = Debug|Any CPU
		{97A07581-A9AE-4E29-846B-547134C06DD7}.Release|Any CPU.ActiveCfg = Release|Any CPU
		{97A07581-A9AE-4E29-846B-547134C06DD7}.Release|Any CPU.Build.0 = Release|Any CPU
		{EF3FCD08-35C3-4E15-9943-60AF1F1EFA3E}.Debug|Any CPU.ActiveCfg = Debug|Any CPU
		{EF3FCD08-35C3-4E15-9943-60AF1F1EFA3E}.Debug|Any CPU.Build.0 = Debug|Any CPU
		{EF3FCD08-35C3-4E15-9943-60AF1F1EFA3E}.Release|Any CPU.ActiveCfg = Release|Any CPU
		{EF3FCD08-35C3-4E15-9943-60AF1F1EFA3E}.Release|Any CPU.Build.0 = Release|Any CPU
		{08BE9C64-66ED-4A9B-B734-A94D58C50BD5}.Debug|Any CPU.ActiveCfg = Debug|Any CPU
		{08BE9C64-66ED-4A9B-B734-A94D58C50BD5}.Debug|Any CPU.Build.0 = Debug|Any CPU
		{08BE9C64-66ED-4A9B-B734-A94D58C50BD5}.Release|Any CPU.ActiveCfg = Release|Any CPU
		{08BE9C64-66ED-4A9B-B734-A94D58C50BD5}.Release|Any CPU.Build.0 = Release|Any CPU
		{E4D1352D-5495-4C21-AB0E-B04A78EAB4F0}.Debug|Any CPU.ActiveCfg = Debug|Any CPU
		{E4D1352D-5495-4C21-AB0E-B04A78EAB4F0}.Debug|Any CPU.Build.0 = Debug|Any CPU
		{E4D1352D-5495-4C21-AB0E-B04A78EAB4F0}.Release|Any CPU.ActiveCfg = Release|Any CPU
		{E4D1352D-5495-4C21-AB0E-B04A78EAB4F0}.Release|Any CPU.Build.0 = Release|Any CPU
	EndGlobalSection
	GlobalSection(NestedProjects) = preSolution
		{F02152D4-E8F2-42A8-93AA-2A7FB0843105} = {AF580950-A8F9-4DE0-9C60-55B52F3ECF7E}
		{E380DBDA-4509-4FD8-9E73-E263234CBC51} = {AF580950-A8F9-4DE0-9C60-55B52F3ECF7E}
		{6D259338-A794-4C92-BD76-E3BDDAAA1C28} = {AF580950-A8F9-4DE0-9C60-55B52F3ECF7E}
		{342F5552-B503-4352-8EA9-1A40C7148F89} = {AF580950-A8F9-4DE0-9C60-55B52F3ECF7E}
		{6DC4911B-91A9-4C28-884D-D7E22CAE2416} = {AF580950-A8F9-4DE0-9C60-55B52F3ECF7E}
		{6A9B6868-1207-4C14-AC67-2B524A76BD4E} = {AF580950-A8F9-4DE0-9C60-55B52F3ECF7E}
		{97A07581-A9AE-4E29-846B-547134C06DD7} = {AF580950-A8F9-4DE0-9C60-55B52F3ECF7E}
		{EF3FCD08-35C3-4E15-9943-60AF1F1EFA3E} = {3F11813E-C92A-40CF-8081-A45736E297FF}
		{08BE9C64-66ED-4A9B-B734-A94D58C50BD5} = {3F11813E-C92A-40CF-8081-A45736E297FF}
		{E4D1352D-5495-4C21-AB0E-B04A78EAB4F0} = {3F11813E-C92A-40CF-8081-A45736E297FF}
	EndGlobalSection
EndGlobal
